
Microsoft Visual Studio Solution File, Format Version 12.00
# Visual Studio Version 17
VisualStudioVersion = 17.9.34607.119
MinimumVisualStudioVersion = 10.0.40219.1
Project("{FAE04EC0-301F-11D3-BF4B-00C04F79EFBC}") = "JustAnotherExpenseTracker", "JustAnotherExpenseTracker\JustAnotherExpenseTracker.csproj", "{B2FDCB31-29CE-4004-BF2A-3EC399E8386C}"
EndProject
Global
	GlobalSection(SolutionConfigurationPlatforms) = preSolution
		Debug|Any CPU = Debug|Any CPU
		Release|Any CPU = Release|Any CPU
	EndGlobalSection
	GlobalSection(ProjectConfigurationPlatforms) = postSolution
		{B2FDCB31-29CE-4004-BF2A-3EC399E8386C}.Debug|Any CPU.ActiveCfg = Debug|Any CPU
		{B2FDCB31-29CE-4004-BF2A-3EC399E8386C}.Debug|Any CPU.Build.0 = Debug|Any CPU
		{B2FDCB31-29CE-4004-BF2A-3EC399E8386C}.Release|Any CPU.ActiveCfg = Release|Any CPU
		{B2FDCB31-29CE-4004-BF2A-3EC399E8386C}.Release|Any CPU.Build.0 = Release|Any CPU
	EndGlobalSection
	GlobalSection(SolutionProperties) = preSolution
		HideSolutionNode = FALSE
	EndGlobalSection
	GlobalSection(ExtensibilityGlobals) = postSolution
		SolutionGuid = {CA90B071-6FFA-4A02-AAE8-8B8D8B0418A9}
	EndGlobalSection
EndGlobal
